
Microsoft Visual Studio Solution File, Format Version 12.00
# Visual Studio Version 17
VisualStudioVersion = 17.2.32630.192
MinimumVisualStudioVersion = 10.0.40219.1
Project("{FAE04EC0-301F-11D3-BF4B-00C04F79EFBC}") = "GamesApi.Domain", "GamesApi\GamesApi.Domain\GamesApi.Domain.csproj", "{D290802E-83C9-4EAE-AA7E-2B9B749022A6}"
EndProject
Project("{FAE04EC0-301F-11D3-BF4B-00C04F79EFBC}") = "GamesApi.Infrastructure", "GamesApi\GamesApi.Infrastructure\GamesApi.Infrastructure.csproj", "{6989BF19-9B8B-4211-AAC3-C447257D1F3A}"
EndProject
Project("{FAE04EC0-301F-11D3-BF4B-00C04F79EFBC}") = "GamesApi.Web", "GamesApi\GamesApi.Web\GamesApi.Web.csproj", "{F7117762-D0C9-456C-AEFA-6B7D2E1B4D99}"
EndProject
Global
	GlobalSection(SolutionConfigurationPlatforms) = preSolution
		Debug|Any CPU = Debug|Any CPU
		Release|Any CPU = Release|Any CPU
	EndGlobalSection
	GlobalSection(ProjectConfigurationPlatforms) = postSolution
		{D290802E-83C9-4EAE-AA7E-2B9B749022A6}.Debug|Any CPU.ActiveCfg = Debug|Any CPU
		{D290802E-83C9-4EAE-AA7E-2B9B749022A6}.Debug|Any CPU.Build.0 = Debug|Any CPU
		{D290802E-83C9-4EAE-AA7E-2B9B749022A6}.Release|Any CPU.ActiveCfg = Release|Any CPU
		{D290802E-83C9-4EAE-AA7E-2B9B749022A6}.Release|Any CPU.Build.0 = Release|Any CPU
		{6989BF19-9B8B-4211-AAC3-C447257D1F3A}.Debug|Any CPU.ActiveCfg = Debug|Any CPU
		{6989BF19-9B8B-4211-AAC3-C447257D1F3A}.Debug|Any CPU.Build.0 = Debug|Any CPU
		{6989BF19-9B8B-4211-AAC3-C447257D1F3A}.Release|Any CPU.ActiveCfg = Release|Any CPU
		{6989BF19-9B8B-4211-AAC3-C447257D1F3A}.Release|Any CPU.Build.0 = Release|Any CPU
		{F7117762-D0C9-456C-AEFA-6B7D2E1B4D99}.Debug|Any CPU.ActiveCfg = Debug|Any CPU
		{F7117762-D0C9-456C-AEFA-6B7D2E1B4D99}.Debug|Any CPU.Build.0 = Debug|Any CPU
		{F7117762-D0C9-456C-AEFA-6B7D2E1B4D99}.Release|Any CPU.ActiveCfg = Release|Any CPU
		{F7117762-D0C9-456C-AEFA-6B7D2E1B4D99}.Release|Any CPU.Build.0 = Release|Any CPU
	EndGlobalSection
	GlobalSection(SolutionProperties) = preSolution
		HideSolutionNode = FALSE
	EndGlobalSection
	GlobalSection(ExtensibilityGlobals) = postSolution
		SolutionGuid = {3BAC4407-8BA8-465C-A0D8-0BA38EA98069}
	EndGlobalSection
EndGlobal
